
Microsoft Visual Studio Solution File, Format Version 12.00
# Visual Studio Version 17
VisualStudioVersion = 17.4.33213.308
MinimumVisualStudioVersion = 10.0.40219.1
Project("{9A19103F-16F7-4668-BE54-9A1E7A4F7556}") = "LiterasWebAPI", "LiterasWebAPI\LiterasWebAPI.csproj", "{292A6923-8AAA-4949-BD35-7A5A24A328FC}"
EndProject
Project("{FAE04EC0-301F-11D3-BF4B-00C04F79EFBC}") = "TestsLiteras", "LiterasTests\TestsLiteras.csproj", "{D7582639-F9AD-4BF9-8653-5B7FAF38D893}"
EndProject
Project("{FAE04EC0-301F-11D3-BF4B-00C04F79EFBC}") = "LiterasData", "LiterasData\LiterasData.csproj", "{6C6DDC82-989B-4F59-BF78-3D9C55C5CC1E}"
EndProject
Global
	GlobalSection(SolutionConfigurationPlatforms) = preSolution
		Debug|Any CPU = Debug|Any CPU
		Release|Any CPU = Release|Any CPU
	EndGlobalSection
	GlobalSection(ProjectConfigurationPlatforms) = postSolution
		{292A6923-8AAA-4949-BD35-7A5A24A328FC}.Debug|Any CPU.ActiveCfg = Debug|Any CPU
		{292A6923-8AAA-4949-BD35-7A5A24A328FC}.Debug|Any CPU.Build.0 = Debug|Any CPU
		{292A6923-8AAA-4949-BD35-7A5A24A328FC}.Release|Any CPU.ActiveCfg = Release|Any CPU
		{292A6923-8AAA-4949-BD35-7A5A24A328FC}.Release|Any CPU.Build.0 = Release|Any CPU
		{D7582639-F9AD-4BF9-8653-5B7FAF38D893}.Debug|Any CPU.ActiveCfg = Debug|Any CPU
		{D7582639-F9AD-4BF9-8653-5B7FAF38D893}.Debug|Any CPU.Build.0 = Debug|Any CPU
		{D7582639-F9AD-4BF9-8653-5B7FAF38D893}.Release|Any CPU.ActiveCfg = Release|Any CPU
		{D7582639-F9AD-4BF9-8653-5B7FAF38D893}.Release|Any CPU.Build.0 = Release|Any CPU
		{6C6DDC82-989B-4F59-BF78-3D9C55C5CC1E}.Debug|Any CPU.ActiveCfg = Debug|Any CPU
		{6C6DDC82-989B-4F59-BF78-3D9C55C5CC1E}.Debug|Any CPU.Build.0 = Debug|Any CPU
		{6C6DDC82-989B-4F59-BF78-3D9C55C5CC1E}.Release|Any CPU.ActiveCfg = Release|Any CPU
		{6C6DDC82-989B-4F59-BF78-3D9C55C5CC1E}.Release|Any CPU.Build.0 = Release|Any CPU
	EndGlobalSection
	GlobalSection(SolutionProperties) = preSolution
		HideSolutionNode = FALSE
	EndGlobalSection
	GlobalSection(ExtensibilityGlobals) = postSolution
		SolutionGuid = {DD7C9AA2-9446-42EB-83E2-FF01039EBDB5}
	EndGlobalSection
EndGlobal
