
Microsoft Visual Studio Solution File, Format Version 12.00
# Visual Studio Version 17
VisualStudioVersion = 17.4.33213.308
MinimumVisualStudioVersion = 10.0.40219.1
Project("{2150E333-8FDC-42A3-9474-1A3956D46DE8}") = "Backend", "Backend", "{AB3D3013-EC19-4E83-BD1A-6E9DC881DDEF}"
EndProject
Project("{2150E333-8FDC-42A3-9474-1A3956D46DE8}") = "Api", "Api", "{40805B82-0779-43C5-867E-09E852B71EA8}"
EndProject
Project("{2150E333-8FDC-42A3-9474-1A3956D46DE8}") = "Tests", "Tests", "{CA08522E-202D-4150-8463-A2CC3CC27F50}"
EndProject
Project("{2150E333-8FDC-42A3-9474-1A3956D46DE8}") = "Infrastructure", "Infrastructure", "{13DFE9EF-038B-4ABA-B0A0-A64A8CA58D0F}"
	ProjectSection(SolutionItems) = preProject
		.editorconfig = .editorconfig
		.gitignore = .gitignore
		README.md = README.md
	EndProjectSection
EndProject
Project("{9A19103F-16F7-4668-BE54-9A1E7A4F7556}") = "TestsLiteras", "Backend\Tests\LiterasTests\TestsLiteras.csproj", "{11272CA2-CE7D-4A09-806B-1BB848A26CE3}"
EndProject
Project("{9A19103F-16F7-4668-BE54-9A1E7A4F7556}") = "LiterasData", "Backend\Api\LiterasData\LiterasData.csproj", "{A2A8BC36-D772-49B0-8E13-261CCA8B9AF4}"
EndProject
Project("{9A19103F-16F7-4668-BE54-9A1E7A4F7556}") = "LiterasWebAPI", "Backend\Api\LiterasWebAPI\LiterasWebAPI.csproj", "{BDCB0627-3A85-41F3-889D-AC4BF3D6AEEE}"
EndProject
Project("{9A19103F-16F7-4668-BE54-9A1E7A4F7556}") = "LiterasCore", "Backend\Api\LiterasCore\LiterasCore.csproj", "{7EA9E652-6F86-4C6E-B0C6-B86988B40AB6}"
EndProject
Global
	GlobalSection(SolutionConfigurationPlatforms) = preSolution
		Debug|Any CPU = Debug|Any CPU
		Release|Any CPU = Release|Any CPU
	EndGlobalSection
	GlobalSection(ProjectConfigurationPlatforms) = postSolution
		{11272CA2-CE7D-4A09-806B-1BB848A26CE3}.Debug|Any CPU.ActiveCfg = Debug|Any CPU
		{11272CA2-CE7D-4A09-806B-1BB848A26CE3}.Debug|Any CPU.Build.0 = Debug|Any CPU
		{11272CA2-CE7D-4A09-806B-1BB848A26CE3}.Release|Any CPU.ActiveCfg = Release|Any CPU
		{11272CA2-CE7D-4A09-806B-1BB848A26CE3}.Release|Any CPU.Build.0 = Release|Any CPU
		{A2A8BC36-D772-49B0-8E13-261CCA8B9AF4}.Debug|Any CPU.ActiveCfg = Debug|Any CPU
		{A2A8BC36-D772-49B0-8E13-261CCA8B9AF4}.Debug|Any CPU.Build.0 = Debug|Any CPU
		{A2A8BC36-D772-49B0-8E13-261CCA8B9AF4}.Release|Any CPU.ActiveCfg = Release|Any CPU
		{A2A8BC36-D772-49B0-8E13-261CCA8B9AF4}.Release|Any CPU.Build.0 = Release|Any CPU
		{BDCB0627-3A85-41F3-889D-AC4BF3D6AEEE}.Debug|Any CPU.ActiveCfg = Debug|Any CPU
		{BDCB0627-3A85-41F3-889D-AC4BF3D6AEEE}.Debug|Any CPU.Build.0 = Debug|Any CPU
		{BDCB0627-3A85-41F3-889D-AC4BF3D6AEEE}.Release|Any CPU.ActiveCfg = Release|Any CPU
		{BDCB0627-3A85-41F3-889D-AC4BF3D6AEEE}.Release|Any CPU.Build.0 = Release|Any CPU
		{7EA9E652-6F86-4C6E-B0C6-B86988B40AB6}.Debug|Any CPU.ActiveCfg = Debug|Any CPU
		{7EA9E652-6F86-4C6E-B0C6-B86988B40AB6}.Debug|Any CPU.Build.0 = Debug|Any CPU
		{7EA9E652-6F86-4C6E-B0C6-B86988B40AB6}.Release|Any CPU.ActiveCfg = Release|Any CPU
		{7EA9E652-6F86-4C6E-B0C6-B86988B40AB6}.Release|Any CPU.Build.0 = Release|Any CPU
	EndGlobalSection
	GlobalSection(SolutionProperties) = preSolution
		HideSolutionNode = FALSE
	EndGlobalSection
	GlobalSection(NestedProjects) = preSolution
		{40805B82-0779-43C5-867E-09E852B71EA8} = {AB3D3013-EC19-4E83-BD1A-6E9DC881DDEF}
		{CA08522E-202D-4150-8463-A2CC3CC27F50} = {AB3D3013-EC19-4E83-BD1A-6E9DC881DDEF}
		{11272CA2-CE7D-4A09-806B-1BB848A26CE3} = {CA08522E-202D-4150-8463-A2CC3CC27F50}
		{A2A8BC36-D772-49B0-8E13-261CCA8B9AF4} = {40805B82-0779-43C5-867E-09E852B71EA8}
		{BDCB0627-3A85-41F3-889D-AC4BF3D6AEEE} = {40805B82-0779-43C5-867E-09E852B71EA8}
		{7EA9E652-6F86-4C6E-B0C6-B86988B40AB6} = {40805B82-0779-43C5-867E-09E852B71EA8}
	EndGlobalSection
	GlobalSection(ExtensibilityGlobals) = postSolution
		SolutionGuid = {DD7C9AA2-9446-42EB-83E2-FF01039EBDB5}
	EndGlobalSection
EndGlobal
